
Microsoft Visual Studio Solution File, Format Version 12.00
# Visual Studio 15
VisualStudioVersion = 15.0.28307.271
MinimumVisualStudioVersion = 10.0.40219.1
Project("{8BC9CEB8-8B4A-11D0-8D11-00A0C91BC942}") = "EIO", "EIO.vcxproj", "{051E0545-1EBB-4E58-B6BB-E0EE6D9791B0}"
EndProject
Project("{8BC9CEB8-8B4A-11D0-8D11-00A0C91BC942}") = "UnitTester", "UnitTester\UnitTester.vcxproj", "{F4CA02CF-C4A6-476D-86EF-FDEE24EBBB8C}"
EndProject
Project("{8BC9CEB8-8B4A-11D0-8D11-00A0C91BC942}") = "Image", "Imaging\Imaging.vcxproj", "{F4016711-AD7B-4BAF-9DF8-7B7583E37A5D}"
EndProject
Project("{8BC9CEB8-8B4A-11D0-8D11-00A0C91BC942}") = "game", "game\game.vcxproj", "{CE42F496-33E9-47FE-A2E0-D683FA0900AC}"
EndProject
Project("{8BC9CEB8-8B4A-11D0-8D11-00A0C91BC942}") = "Level", "Level\Level.vcxproj", "{D8D17EDE-A5D6-493B-B2F8-161BB085C1E8}"
EndProject
Project("{8BC9CEB8-8B4A-11D0-8D11-00A0C91BC942}") = "Text", "Text\Text.vcxproj", "{4116215A-6A45-42FC-AB64-F25ABE7295F0}"
EndProject
Global
	GlobalSection(SolutionConfigurationPlatforms) = preSolution
		Debug|x64 = Debug|x64
		Debug|x86 = Debug|x86
		Release|x64 = Release|x64
		Release|x86 = Release|x86
	EndGlobalSection
	GlobalSection(ProjectConfigurationPlatforms) = postSolution
		{051E0545-1EBB-4E58-B6BB-E0EE6D9791B0}.Debug|x64.ActiveCfg = Debug|x64
		{051E0545-1EBB-4E58-B6BB-E0EE6D9791B0}.Debug|x64.Build.0 = Debug|x64
		{051E0545-1EBB-4E58-B6BB-E0EE6D9791B0}.Debug|x86.ActiveCfg = Debug|Win32
		{051E0545-1EBB-4E58-B6BB-E0EE6D9791B0}.Debug|x86.Build.0 = Debug|Win32
		{051E0545-1EBB-4E58-B6BB-E0EE6D9791B0}.Release|x64.ActiveCfg = Release|x64
		{051E0545-1EBB-4E58-B6BB-E0EE6D9791B0}.Release|x64.Build.0 = Release|x64
		{051E0545-1EBB-4E58-B6BB-E0EE6D9791B0}.Release|x86.ActiveCfg = Release|Win32
		{051E0545-1EBB-4E58-B6BB-E0EE6D9791B0}.Release|x86.Build.0 = Release|Win32
		{F4CA02CF-C4A6-476D-86EF-FDEE24EBBB8C}.Debug|x64.ActiveCfg = Debug|Win32
		{F4CA02CF-C4A6-476D-86EF-FDEE24EBBB8C}.Debug|x86.ActiveCfg = Debug|Win32
		{F4CA02CF-C4A6-476D-86EF-FDEE24EBBB8C}.Release|x64.ActiveCfg = Release|x64
		{F4CA02CF-C4A6-476D-86EF-FDEE24EBBB8C}.Release|x86.ActiveCfg = Release|Win32
		{F4016711-AD7B-4BAF-9DF8-7B7583E37A5D}.Debug|x64.ActiveCfg = Debug|x64
		{F4016711-AD7B-4BAF-9DF8-7B7583E37A5D}.Debug|x64.Build.0 = Debug|x64
		{F4016711-AD7B-4BAF-9DF8-7B7583E37A5D}.Debug|x86.ActiveCfg = Debug|Win32
		{F4016711-AD7B-4BAF-9DF8-7B7583E37A5D}.Debug|x86.Build.0 = Debug|Win32
		{F4016711-AD7B-4BAF-9DF8-7B7583E37A5D}.Release|x64.ActiveCfg = Release|x64
		{F4016711-AD7B-4BAF-9DF8-7B7583E37A5D}.Release|x64.Build.0 = Release|x64
		{F4016711-AD7B-4BAF-9DF8-7B7583E37A5D}.Release|x86.ActiveCfg = Release|Win32
		{F4016711-AD7B-4BAF-9DF8-7B7583E37A5D}.Release|x86.Build.0 = Release|Win32
		{CE42F496-33E9-47FE-A2E0-D683FA0900AC}.Debug|x64.ActiveCfg = Debug|x64
		{CE42F496-33E9-47FE-A2E0-D683FA0900AC}.Debug|x64.Build.0 = Debug|x64
		{CE42F496-33E9-47FE-A2E0-D683FA0900AC}.Debug|x86.ActiveCfg = Debug|Win32
		{CE42F496-33E9-47FE-A2E0-D683FA0900AC}.Debug|x86.Build.0 = Debug|Win32
		{CE42F496-33E9-47FE-A2E0-D683FA0900AC}.Release|x64.ActiveCfg = Release|x64
		{CE42F496-33E9-47FE-A2E0-D683FA0900AC}.Release|x64.Build.0 = Release|x64
		{CE42F496-33E9-47FE-A2E0-D683FA0900AC}.Release|x86.ActiveCfg = Release|Win32
		{CE42F496-33E9-47FE-A2E0-D683FA0900AC}.Release|x86.Build.0 = Release|Win32
		{D8D17EDE-A5D6-493B-B2F8-161BB085C1E8}.Debug|x64.ActiveCfg = Debug|x64
		{D8D17EDE-A5D6-493B-B2F8-161BB085C1E8}.Debug|x64.Build.0 = Debug|x64
		{D8D17EDE-A5D6-493B-B2F8-161BB085C1E8}.Debug|x86.ActiveCfg = Debug|Win32
		{D8D17EDE-A5D6-493B-B2F8-161BB085C1E8}.Debug|x86.Build.0 = Debug|Win32
		{D8D17EDE-A5D6-493B-B2F8-161BB085C1E8}.Release|x64.ActiveCfg = Release|x64
		{D8D17EDE-A5D6-493B-B2F8-161BB085C1E8}.Release|x64.Build.0 = Release|x64
		{D8D17EDE-A5D6-493B-B2F8-161BB085C1E8}.Release|x86.ActiveCfg = Release|Win32
		{D8D17EDE-A5D6-493B-B2F8-161BB085C1E8}.Release|x86.Build.0 = Release|Win32
		{4116215A-6A45-42FC-AB64-F25ABE7295F0}.Debug|x64.ActiveCfg = Debug|x64
		{4116215A-6A45-42FC-AB64-F25ABE7295F0}.Debug|x64.Build.0 = Debug|x64
		{4116215A-6A45-42FC-AB64-F25ABE7295F0}.Debug|x86.ActiveCfg = Debug|Win32
		{4116215A-6A45-42FC-AB64-F25ABE7295F0}.Debug|x86.Build.0 = Debug|Win32
		{4116215A-6A45-42FC-AB64-F25ABE7295F0}.Release|x64.ActiveCfg = Release|x64
		{4116215A-6A45-42FC-AB64-F25ABE7295F0}.Release|x64.Build.0 = Release|x64
		{4116215A-6A45-42FC-AB64-F25ABE7295F0}.Release|x86.ActiveCfg = Release|Win32
		{4116215A-6A45-42FC-AB64-F25ABE7295F0}.Release|x86.Build.0 = Release|Win32
		{4894D6E0-7EC6-4637-B926-39FD1762D8A6}.Debug|x64.ActiveCfg = Debug|x64
		{4894D6E0-7EC6-4637-B926-39FD1762D8A6}.Debug|x64.Build.0 = Debug|x64
		{4894D6E0-7EC6-4637-B926-39FD1762D8A6}.Debug|x86.ActiveCfg = Debug|Win32
		{4894D6E0-7EC6-4637-B926-39FD1762D8A6}.Debug|x86.Build.0 = Debug|Win32
		{4894D6E0-7EC6-4637-B926-39FD1762D8A6}.Release|x64.ActiveCfg = Release|x64
		{4894D6E0-7EC6-4637-B926-39FD1762D8A6}.Release|x64.Build.0 = Release|x64
		{4894D6E0-7EC6-4637-B926-39FD1762D8A6}.Release|x86.ActiveCfg = Release|Win32
		{4894D6E0-7EC6-4637-B926-39FD1762D8A6}.Release|x86.Build.0 = Release|Win32
	EndGlobalSection
	GlobalSection(SolutionProperties) = preSolution
		HideSolutionNode = FALSE
	EndGlobalSection
	GlobalSection(ExtensibilityGlobals) = postSolution
		SolutionGuid = {1CB72665-B99A-4E1C-BAAB-A485F3C2A080}
	EndGlobalSection
EndGlobal
